
Microsoft Visual Studio Solution File, Format Version 12.00
# Visual Studio 15
VisualStudioVersion = 15.0.28010.2003
MinimumVisualStudioVersion = 10.0.40219.1
Project("{FAE04EC0-301F-11D3-BF4B-00C04F79EFBC}") = "TicketApp.WebApi", "TicketApp.WebApi\TicketApp.WebApi.csproj", "{E7FA0003-C9DD-4746-87B4-D3DF8CDF7542}"
EndProject
Global
	GlobalSection(SolutionConfigurationPlatforms) = preSolution
		Debug|Any CPU = Debug|Any CPU
		Release|Any CPU = Release|Any CPU
	EndGlobalSection
	GlobalSection(ProjectConfigurationPlatforms) = postSolution
		{E7FA0003-C9DD-4746-87B4-D3DF8CDF7542}.Debug|Any CPU.ActiveCfg = Debug|Any CPU
		{E7FA0003-C9DD-4746-87B4-D3DF8CDF7542}.Debug|Any CPU.Build.0 = Debug|Any CPU
		{E7FA0003-C9DD-4746-87B4-D3DF8CDF7542}.Release|Any CPU.ActiveCfg = Release|Any CPU
		{E7FA0003-C9DD-4746-87B4-D3DF8CDF7542}.Release|Any CPU.Build.0 = Release|Any CPU
	EndGlobalSection
	GlobalSection(SolutionProperties) = preSolution
		HideSolutionNode = FALSE
	EndGlobalSection
	GlobalSection(ExtensibilityGlobals) = postSolution
		SolutionGuid = {13EAF28A-B5CA-497D-8113-E64604585359}
	EndGlobalSection
EndGlobal
